github.com/go-pay/crypto v0.0.1 h1:B6InT8CLfSLc6nGRVx9VMJRBBazFMjr293+jl0lLXUY=
github.com/go-pay/crypto v0.0.1/go.mod h1:41oEIvHMKbNcYlWUlRWtsnC6+ASgh7u29z0gJXe5bes=
github.com/go-pay/errgroup v0.0.3 h1:DB4s8e8oWYDyETKQ1y1riMJ7y29zE1uIsMCSjEOFSbU=
github.com/go-pay/errgroup v0.0.3/go.mod h1:0+4b8mvFMS71MIzsaC+gVvB4x37I93lRb2dqrwuU8x8=
github.com/go-pay/smap v0.0.2 h1:kKflYor5T5FgZltPFBMTFfjJvqYMHr5VnIFSEyhVTcA=
github.com/go-pay/smap v0.0.2/go.mod h1:HW9oAo0okuyDYsbpbj5fJFxnNj/BZorRGFw26SxrNWw=
github.com/go-pay/util v0.0.4 h1:TuwSU9o3Qd7m9v1PbzFuIA/8uO9FJnA6P7neG/NwPyk=
github.com/go-pay/util v0.0.4/go.mod h1:Tsdhs8Ib9J9b4+NKNO1PHh5hWHhlg98PthsX0ckq6PM=
github.com/go-pay/xlog v0.0.3 h1:avyMhCL/JgBHreoGx/am/kHxfs1udDOAeVqbmzP/Yes=
github.com/go-pay/xlog v0.0.3/go.mod h1:mH47xbobrdsSHWsmFtSF5agWbMHFP+tK0ZbVCk5OAEw=
github.com/go-pay/xtime v0.0.2 h1:7YR4/iuELsEHpJ6LUO0SVK80hQxDO9MLCfuVYIiTCRM=
github.com/go-pay/xtime v0.0.2/go.mod h1:W1yRbJaSt4CSBcdAtLBQ8xajiN/Pl5hquGczUcUE9xE=
golang.org/x/crypto v0.33.0 h1:IOBPskki6Lysi0lo9qQvbxiQ+FvsCC/YWOecCHAixus=
golang.org/x/crypto v0.33.0/go.mod h1:bVdXmD7IV/4GdElGPozy6U7lWdRXA4qyRVGJV57uQ5M=
