github.com/go-pay/crypto v0.0.1 h1:B6InT8CLfSLc6nGRVx9VMJRBBazFMjr293+jl0lLXUY=
github.com/go-pay/crypto v0.0.1/go.mod h1:41oEIvHMKbNcYlWUlRWtsnC6+ASgh7u29z0gJXe5bes=
github.com/go-pay/errgroup v0.0.2 h1:5mZMdm0TDClDm2S3G0/sm0f8AuQRtz0dOrTHDR9R8Cc=
github.com/go-pay/errgroup v0.0.2/go.mod h1:0+4b8mvFMS71MIzsaC+gVvB4x37I93lRb2dqrwuU8x8=
github.com/go-pay/util v0.0.2 h1:goJ4f6kNY5zzdtg1Cj8oWC+Cw7bfg/qq2rJangMAb9U=
github.com/go-pay/util v0.0.2/go.mod h1:qM8VbyF1n7YAPZBSJONSPMPsPedhUTktewUAdf1AjPg=
github.com/go-pay/xlog v0.0.3 h1:avyMhCL/JgBHreoGx/am/kHxfs1udDOAeVqbmzP/Yes=
github.com/go-pay/xlog v0.0.3/go.mod h1:mH47xbobrdsSHWsmFtSF5agWbMHFP+tK0ZbVCk5OAEw=
github.com/go-pay/xtime v0.0.2 h1:7YR4/iuELsEHpJ6LUO0SVK80hQxDO9MLCfuVYIiTCRM=
github.com/go-pay/xtime v0.0.2/go.mod h1:W1yRbJaSt4CSBcdAtLBQ8xajiN/Pl5hquGczUcUE9xE=
golang.org/x/crypto v0.24.0 h1:mnl8DM0o513X8fdIkmyFE/5hTYxbwYOjDS/+rK6qpRI=
golang.org/x/crypto v0.24.0/go.mod h1:Z1PMYSOR5nyMcyAVAIQSKCDwalqy85Aqn1x3Ws4L5DM=
golang.org/x/crypto v0.25.0 h1:ypSNr+bnYL2YhwoMt2zPxHFmbAN1KZs/njMG3hxUp30=
golang.org/x/crypto v0.25.0/go.mod h1:T+wALwcMOSE0kXgUAnPAHqTLW+XHgcELELW8VaDgm/M=
